
Microsoft Visual Studio Solution File, Format Version 12.00
# Visual Studio Version 17
VisualStudioVersion = 17.4.33205.214
MinimumVisualStudioVersion = 10.0.40219.1
Project("{FAE04EC0-301F-11D3-BF4B-00C04F79EFBC}") = "ToDoListApp", "ToDoListApp\ToDoListApp.csproj", "{D3B0BF28-1E4C-4D25-AE7D-2A26FE49E426}"
EndProject
Global
	GlobalSection(SolutionConfigurationPlatforms) = preSolution
		Debug|Any CPU = Debug|Any CPU
		Release|Any CPU = Release|Any CPU
	EndGlobalSection
	GlobalSection(ProjectConfigurationPlatforms) = postSolution
		{D3B0BF28-1E4C-4D25-AE7D-2A26FE49E426}.Debug|Any CPU.ActiveCfg = Debug|Any CPU
		{D3B0BF28-1E4C-4D25-AE7D-2A26FE49E426}.Debug|Any CPU.Build.0 = Debug|Any CPU
		{D3B0BF28-1E4C-4D25-AE7D-2A26FE49E426}.Release|Any CPU.ActiveCfg = Release|Any CPU
		{D3B0BF28-1E4C-4D25-AE7D-2A26FE49E426}.Release|Any CPU.Build.0 = Release|Any CPU
	EndGlobalSection
	GlobalSection(SolutionProperties) = preSolution
		HideSolutionNode = FALSE
	EndGlobalSection
	GlobalSection(ExtensibilityGlobals) = postSolution
		SolutionGuid = {AACBC61C-43A2-4772-A87D-C58B6C20FA18}
	EndGlobalSection
EndGlobal
